
Microsoft Visual Studio Solution File, Format Version 12.00
# Visual Studio Version 17
VisualStudioVersion = 17.4.33213.308
MinimumVisualStudioVersion = 10.0.40219.1
Project("{FAE04EC0-301F-11D3-BF4B-00C04F79EFBC}") = "Shopping", "Shopping\Shopping.csproj", "{7F27CE8A-56D3-446D-8D1D-BBA6BB9AFB3E}"
EndProject
Global
	GlobalSection(SolutionConfigurationPlatforms) = preSolution
		Debug|Any CPU = Debug|Any CPU
		Release|Any CPU = Release|Any CPU
	EndGlobalSection
	GlobalSection(ProjectConfigurationPlatforms) = postSolution
		{7F27CE8A-56D3-446D-8D1D-BBA6BB9AFB3E}.Debug|Any CPU.ActiveCfg = Debug|Any CPU
		{7F27CE8A-56D3-446D-8D1D-BBA6BB9AFB3E}.Debug|Any CPU.Build.0 = Debug|Any CPU
		{7F27CE8A-56D3-446D-8D1D-BBA6BB9AFB3E}.Release|Any CPU.ActiveCfg = Release|Any CPU
		{7F27CE8A-56D3-446D-8D1D-BBA6BB9AFB3E}.Release|Any CPU.Build.0 = Release|Any CPU
	EndGlobalSection
	GlobalSection(SolutionProperties) = preSolution
		HideSolutionNode = FALSE
	EndGlobalSection
	GlobalSection(ExtensibilityGlobals) = postSolution
		SolutionGuid = {7E457E7B-0265-40E2-8415-0D25446A2856}
	EndGlobalSection
EndGlobal
